
Microsoft Visual Studio Solution File, Format Version 11.00
# Visual Studio 2010
Project("{FAE04EC0-301F-11D3-BF4B-00C04F79EFBC}") = "IVTest", "IVTest\IVTest.csproj", "{914243C1-4487-4FE2-A026-7695AA7862DC}"
EndProject
Global
	GlobalSection(SolutionConfigurationPlatforms) = preSolution
		Debug|Any CPU = Debug|Any CPU
		Release|Any CPU = Release|Any CPU
	EndGlobalSection
	GlobalSection(ProjectConfigurationPlatforms) = postSolution
		{914243C1-4487-4FE2-A026-7695AA7862DC}.Debug|Any CPU.ActiveCfg = Debug|Any CPU
		{914243C1-4487-4FE2-A026-7695AA7862DC}.Debug|Any CPU.Build.0 = Debug|Any CPU
		{914243C1-4487-4FE2-A026-7695AA7862DC}.Release|Any CPU.ActiveCfg = Release|Any CPU
		{914243C1-4487-4FE2-A026-7695AA7862DC}.Release|Any CPU.Build.0 = Release|Any CPU
	EndGlobalSection
	GlobalSection(SolutionProperties) = preSolution
		HideSolutionNode = FALSE
	EndGlobalSection
EndGlobal
